
Microsoft Visual Studio Solution File, Format Version 12.00
# Visual Studio Version 16
VisualStudioVersion = 16.0.31112.23
MinimumVisualStudioVersion = 10.0.40219.1
Project("{FAE04EC0-301F-11D3-BF4B-00C04F79EFBC}") = "MajidApp", "MajidApp.csproj", "{A83BEAB3-39BB-4C0D-9852-89C5A7B8A9CB}"
EndProject
Global
	GlobalSection(SolutionConfigurationPlatforms) = preSolution
		Debug|Any CPU = Debug|Any CPU
		Release|Any CPU = Release|Any CPU
	EndGlobalSection
	GlobalSection(ProjectConfigurationPlatforms) = postSolution
		{A83BEAB3-39BB-4C0D-9852-89C5A7B8A9CB}.Debug|Any CPU.ActiveCfg = Debug|Any CPU
		{A83BEAB3-39BB-4C0D-9852-89C5A7B8A9CB}.Debug|Any CPU.Build.0 = Debug|Any CPU
		{A83BEAB3-39BB-4C0D-9852-89C5A7B8A9CB}.Release|Any CPU.ActiveCfg = Release|Any CPU
		{A83BEAB3-39BB-4C0D-9852-89C5A7B8A9CB}.Release|Any CPU.Build.0 = Release|Any CPU
	EndGlobalSection
	GlobalSection(SolutionProperties) = preSolution
		HideSolutionNode = FALSE
	EndGlobalSection
	GlobalSection(ExtensibilityGlobals) = postSolution
		SolutionGuid = {1DE81FCD-38E9-4086-A5FC-C8EF1DA2D436}
	EndGlobalSection
EndGlobal
